
Microsoft Visual Studio Solution File, Format Version 12.00
# Visual Studio Version 17
VisualStudioVersion = 17.8.34525.116
MinimumVisualStudioVersion = 10.0.40219.1
Project("{FAE04EC0-301F-11D3-BF4B-00C04F79EFBC}") = "Crasherator3000", "Crasherator3000\Crasherator3000.csproj", "{7F71A038-CA2C-4902-9C9E-14BB95620151}"
EndProject
Global
	GlobalSection(SolutionConfigurationPlatforms) = preSolution
		Debug|Any CPU = Debug|Any CPU
		Release|Any CPU = Release|Any CPU
	EndGlobalSection
	GlobalSection(ProjectConfigurationPlatforms) = postSolution
		{7F71A038-CA2C-4902-9C9E-14BB95620151}.Debug|Any CPU.ActiveCfg = Debug|Any CPU
		{7F71A038-CA2C-4902-9C9E-14BB95620151}.Debug|Any CPU.Build.0 = Debug|Any CPU
		{7F71A038-CA2C-4902-9C9E-14BB95620151}.Release|Any CPU.ActiveCfg = Release|Any CPU
		{7F71A038-CA2C-4902-9C9E-14BB95620151}.Release|Any CPU.Build.0 = Release|Any CPU
	EndGlobalSection
	GlobalSection(SolutionProperties) = preSolution
		HideSolutionNode = FALSE
	EndGlobalSection
	GlobalSection(ExtensibilityGlobals) = postSolution
		SolutionGuid = {30421791-04B3-414E-AE3A-D2E7CC3E19CC}
	EndGlobalSection
EndGlobal
